// !$*UTF8*$!
{
	archiveVersion = 1;
	classes = {
	};
	objectVersion = 50;
	objects = {

/* Begin PBXBuildFile section */
		D62220CE242C97F800B46092 /* AppDelegate.swift in Sources */ = {isa = PBXBuildFile; fileRef = D62220CD242C97F800B46092 /* AppDelegate.swift */; };
		D62220D0242C97F800B46092 /* SceneDelegate.swift in Sources */ = {isa = PBXBuildFile; fileRef = D62220CF242C97F800B46092 /* SceneDelegate.swift */; };
		D62220D2242C97F800B46092 /* ViewController.swift in Sources */ = {isa = PBXBuildFile; fileRef = D62220D1242C97F800B46092 /* ViewController.swift */; };
		D62220D5242C97F800B46092 /* Main.storyboard in Resources */ = {isa = PBXBuildFile; fileRef = D62220D3242C97F800B46092 /* Main.storyboard */; };
		D62220D7242C980000B46092 /* Assets.xcassets in Resources */ = {isa = PBXBuildFile; fileRef = D62220D6242C980000B46092 /* Assets.xcassets */; };
		D62220DA242C980000B46092 /* LaunchScreen.storyboard in Resources */ = {isa = PBXBuildFile; fileRef = D62220D8242C980000B46092 /* LaunchScreen.storyboard */; };
		D62220E2242C984500B46092 /* Inceptionv3.mlmodel in Sources */ = {isa = PBXBuildFile; fileRef = D62220E1242C984500B46092 /* Inceptionv3.mlmodel */; };
/* End PBXBuildFile section */

/* Begin PBXFileReference section */
		D62220CA242C97F800B46092 /* imageRecognization.app */ = {isa = PBXFileReference; explicitFileType = wrapper.application; includeInIndex = 0; path = imageRecognization.app; sourceTree = BUILT_PRODUCTS_DIR; };
		D62220CD242C97F800B46092 /* AppDelegate.swift */ = {isa = PBXFileReference; lastKnownFileType = sourcecode.swift; path = AppDelegate.swift; sourceTree = "<group>"; };
		D62220CF242C97F800B46092 /* SceneDelegate.swift */ = {isa = PBXFileReference; lastKnownFileType = sourcecode.swift; path = SceneDelegate.swift; sourceTree = "<group>"; };
		D62220D1242C97F800B46092 /* ViewController.swift */ = {isa = PBXFileReference; lastKnownFileType = sourcecode.swift; path = ViewController.swift; sourceTree = "<group>"; };
		D62220D4242C97F800B46092 /* Base */ = {isa = PBXFileReference; lastKnownFileType = file.storyboard; name = Base; path = Base.lproj/Main.storyboard; sourceTree = "<group>"; };
		D62220D6242C980000B46092 /* Assets.xcassets */ = {isa = PBXFileReference; lastKnownFileType = folder.assetcatalog; path = Assets.xcassets; sourceTree = "<group>"; };
		D62220D9242C980000B46092 /* Base */ = {isa = PBXFileReference; lastKnownFileType = file.storyboard; name = Base; path = Base.lproj/LaunchScreen.storyboard; sourceTree = "<group>"; };
		D62220DB242C980000B46092 /* Info.plist */ = {isa = PBXFileReference; lastKnownFileType = text.plist.xml; path = Info.plist; sourceTree = "<group>"; };
		D62220E1242C984500B46092 /* Inceptionv3.mlmodel */ = {isa = PBXFileReference; lastKnownFileType = file.mlmodel; path = Inceptionv3.mlmodel; sourceTree = "<group>"; };
/* End PBXFileReference section */

/* Begin PBXFrameworksBuildPhase section */
		D62220C7242C97F800B46092 /* Frameworks */ = {
			isa = PBXFrameworksBuildPhase;
			buildActionMask = 2147483647;
			files = (
			);
			runOnlyForDeploymentPostprocessing = 0;
		};
/* End PBXFrameworksBuildPhase section */

/* Begin PBXGroup section */
		D62220C1242C97F800B46092 = {
			isa = PBXGroup;
			children = (
				D62220CC242C97F800B46092 /* imageRecognization */,
				D62220CB242C97F800B46092 /* Products */,
			);
			sourceTree = "<group>";
		};
		D62220CB242C97F800B46092 /* Products */ = {
			isa = PBXGroup;
			children = (
				D62220CA242C97F800B46092 /* imageRecognization.app */,
			);
			name = Products;
			sourceTree = "<group>";
		};
		D62220CC242C97F800B46092 /* imageRecognization */ = {
			isa = PBXGroup;
			children = (
				D62220CD242C97F800B46092 /* AppDelegate.swift */,
				D62220CF242C97F800B46092 /* SceneDelegate.swift */,
				D62220D1242C97F800B46092 /* ViewController.swift */,
				D62220D3242C97F800B46092 /* Main.storyboard */,
				D62220D6242C980000B46092 /* Assets.xcassets */,
				D62220E1242C984500B46092 /* Inceptionv3.mlmodel */,
				D62220D8242C980000B46092 /* LaunchScreen.storyboard */,
				D62220DB242C980000B46092 /* Info.plist */,
			);
			path = imageRecognization;
			sourceTree = "<group>";
		};
/* End PBXGroup section */

/* Begin PBXNativeTarget section */
		D62220C9242C97F800B46092 /* imageRecognization */ = {
			isa = PBXNativeTarget;
			buildConfigurationList = D62220DE242C980000B46092 /* Build configuration list for PBXNativeTarget "imageRecognization" */;
			buildPhases = (
				D62220C6242C97F800B46092 /* Sources */,
				D62220C7242C97F800B46092 /* Frameworks */,
				D62220C8242C97F800B46092 /* Resources */,
			);
			buildRules = (
			);
			dependencies = (
			);
			name = imageRecognization;
			productName = imageRecognization;
			productReference = D62220CA242C97F800B46092 /* imageRecognization.app */;
			productType = "com.apple.product-type.application";
		};
/* End PBXNativeTarget section */

/* Begin PBXProject section */
		D62220C2242C97F800B46092 /* Project object */ = {
			isa = PBXProject;
			attributes = {
				LastSwiftUpdateCheck = 1110;
				LastUpgradeCheck = 1110;
				ORGANIZATIONNAME = "Sambit Das";
				TargetAttributes = {
					D62220C9242C97F800B46092 = {
						CreatedOnToolsVersion = 11.1;
					};
				};
			};
			buildConfigurationList = D62220C5242C97F800B46092 /* Build configuration list for PBXProject "imageRecognization" */;
			compatibilityVersion = "Xcode 9.3";
			developmentRegion = en;
			hasScannedForEncodings = 0;
			knownRegions = (
				en,
				Base,
			);
			mainGroup = D62220C1242C97F800B46092;
			productRefGroup = D62220CB242C97F800B46092 /* Products */;
			projectDirPath = "";
			projectRoot = "";
			targets = (
				D62220C9242C97F800B46092 /* imageRecognization */,
			);
		};
/* End PBXProject section */

/* Begin PBXResourcesBuildPhase section */
		D62220C8242C97F800B46092 /* Resources */ = {
			isa = PBXResourcesBuildPhase;
			buildActionMask = 2147483647;
			files = (
				D62220DA242C980000B46092 /* LaunchScreen.storyboard in Resources */,
				D62220D7242C980000B46092 /* Assets.xcassets in Resources */,
				D62220D5242C97F800B46092 /* Main.storyboard in Resources */,
			);
			runOnlyForDeploymentPostprocessing = 0;
		};
/* End PBXResourcesBuildPhase section */

/* Begin PBXSourcesBuildPhase section */
		D62220C6242C97F800B46092 /* Sources */ = {
			isa = PBXSourcesBuildPhase;
			buildActionMask = 2147483647;
			files = (
				D62220D2242C97F800B46092 /* ViewController.swift in Sources */,
				D62220E2242C984500B46092 /* Inceptionv3.mlmodel in Sources */,
				D62220CE242C97F800B46092 /* AppDelegate.swift in Sources */,
				D62220D0242C97F800B46092 /* SceneDelegate.swift in Sources */,
			);
			runOnlyForDeploymentPostprocessing = 0;
		};
/* End PBXSourcesBuildPhase section */

/* Begin PBXVariantGroup section */
		D62220D3242C97F800B46092 /* Main.storyboard */ = {
			isa = PBXVariantGroup;
			children = (
				D62220D4242C97F800B46092 /* Base */,
			);
			name = Main.storyboard;
			sourceTree = "<group>";
		};
		D62220D8242C980000B46092 /* LaunchScreen.storyboard */ = {
			isa = PBXVariantGroup;
			children = (
				D62220D9242C980000B46092 /* Base */,
			);
			name = LaunchScreen.storyboard;
			sourceTree = "<group>";
		};
/* End PBXVariantGroup section */

/* Begin XCBuildConfiguration section */
		D62220DC242C980000B46092 /* Debug */ = {
			isa = XCBuildConfiguration;
			buildSettings = {
				ALWAYS_SEARCH_USER_PATHS = NO;
				CLANG_ANALYZER_NONNULL = YES;
				CLANG_ANALYZER_NUMBER_OBJECT_CONVERSION = YES_AGGRESSIVE;
				CLANG_CXX_LANGUAGE_STANDARD = "gnu++14";
				CLANG_CXX_LIBRARY = "libc++";
				CLANG_ENABLE_MODULES = YES;
				CLANG_ENABLE_OBJC_ARC = YES;
				CLANG_ENABLE_OBJC_WEAK = YES;
				CLANG_WARN_BLOCK_CAPTURE_AUTORELEASING = YES;
				CLANG_WARN_BOOL_CONVERSION = YES;
				CLANG_WARN_COMMA = YES;
				CLANG_WARN_CONSTANT_CONVERSION = YES;
				CLANG_WARN_DEPRECATED_OBJC_IMPLEMENTATIONS = YES;
				CLANG_WARN_DIRECT_OBJC_ISA_USAGE = YES_ERROR;
				CLANG_WARN_DOCUMENTATION_COMMENTS = YES;
				CLANG_WARN_EMPTY_BODY = YES;
				CLANG_WARN_ENUM_CONVERSION = YES;
				CLANG_WARN_INFINITE_RECURSION = YES;
				CLANG_WARN_INT_CONVERSION = YES;
				CLANG_WARN_NON_LITERAL_NULL_CONVERSION = YES;
				CLANG_WARN_OBJC_IMPLICIT_RETAIN_SELF = YES;
				CLANG_WARN_OBJC_LITERAL_CONVERSION = YES;
				CLANG_WARN_OBJC_ROOT_CLASS = YES_ERROR;
				CLANG_WARN_RANGE_LOOP_ANALYSIS = YES;
				CLANG_WARN_STRICT_PROTOTYPES = YES;
				CLANG_WARN_SUSPICIOUS_MOVE = YES;
				CLANG_WARN_UNGUARDED_AVAILABILITY = YES_AGGRESSIVE;
				CLANG_WARN_UNREACHABLE_CODE = YES;
				CLANG_WARN__DUPLICATE_METHOD_MATCH = YES;
				COPY_PHASE_STRIP = NO;
				DEBUG_INFORMATION_FORMAT = dwarf;
				ENABLE_STRICT_OBJC_MSGSEND = YES;
				ENABLE_TESTABILITY = YES;
				GCC_C_LANGUAGE_STANDARD = gnu11;
				GCC_DYNAMIC_NO_PIC = NO;
				GCC_NO_COMMON_BLOCKS = YES;
				GCC_OPTIMIZATION_LEVEL = 0;
				GCC_PREPROCESSOR_DEFINITIONS = (
					"DEBUG=1",
					"$(inherited)",
				);
				GCC_WARN_64_TO_32_BIT_CONVERSION = YES;
				GCC_WARN_ABOUT_RETURN_TYPE = YES_ERROR;
				GCC_WARN_UNDECLARED_SELECTOR = YES;
				GCC_WARN_UNINITIALIZED_AUTOS = YES_AGGRESSIVE;
				GCC_WARN_UNUSED_FUNCTION = YES;
				GCC_WARN_UNUSED_VARIABLE = YES;
				IPHONEOS_DEPLOYMENT_TARGET = 13.1;
				MTL_ENABLE_DEBUG_INFO = INCLUDE_SOURCE;
				MTL_FAST_MATH = YES;
				ONLY_ACTIVE_ARCH = YES;
				SDKROOT = iphoneos;
				SWIFT_ACTIVE_COMPILATION_CONDITIONS = DEBUG;
				SWIFT_OPTIMIZATION_LEVEL = "-Onone";
			};
			name = Debug;
		};
		D62220DD242C980000B46092 /* Release */ = {
			isa = XCBuildConfiguration;
			buildSettings = {
				ALWAYS_SEARCH_USER_PATHS = NO;
				CLANG_ANALYZER_NONNULL = YES;
				CLANG_ANALYZER_NUMBER_OBJECT_CONVERSION = YES_AGGRESSIVE;
				CLANG_CXX_LANGUAGE_STANDARD = "gnu++14";
				CLANG_CXX_LIBRARY = "libc++";
				CLANG_ENABLE_MODULES = YES;
				CLANG_ENABLE_OBJC_ARC = YES;
				CLANG_ENABLE_OBJC_WEAK = YES;
				CLANG_WARN_BLOCK_CAPTURE_AUTORELEASING = YES;
				CLANG_WARN_BOOL_CONVERSION = YES;
				CLANG_WARN_COMMA = YES;
				CLANG_WARN_CONSTANT_CONVERSION = YES;
				CLANG_WARN_DEPRECATED_OBJC_IMPLEMENTATIONS = YES;
				CLANG_WARN_DIRECT_OBJC_ISA_USAGE = YES_ERROR;
				CLANG_WARN_DOCUMENTATION_COMMENTS = YES;
				CLANG_WARN_EMPTY_BODY = YES;
				CLANG_WARN_ENUM_CONVERSION = YES;
				CLANG_WARN_INFINITE_RECURSION = YES;
				CLANG_WARN_INT_CONVERSION = YES;
				CLANG_WARN_NON_LITERAL_NULL_CONVERSION = YES;
				CLANG_WARN_OBJC_IMPLICIT_RETAIN_SELF = YES;
				CLANG_WARN_OBJC_LITERAL_CONVERSION = YES;
				CLANG_WARN_OBJC_ROOT_CLASS = YES_ERROR;
				CLANG_WARN_RANGE_LOOP_ANALYSIS = YES;
				CLANG_WARN_STRICT_PROTOTYPES = YES;
				CLANG_WARN_SUSPICIOUS_MOVE = YES;
				CLANG_WARN_UNGUARDED_AVAILABILITY = YES_AGGRESSIVE;
				CLANG_WARN_UNREACHABLE_CODE = YES;
				CLANG_WARN__DUPLICATE_METHOD_MATCH = YES;
				COPY_PHASE_STRIP = NO;
				DEBUG_INFORMATION_FORMAT = "dwarf-with-dsym";
				ENABLE_NS_ASSERTIONS = NO;
				ENABLE_STRICT_OBJC_MSGSEND = YES;
				GCC_C_LANGUAGE_STANDARD = gnu11;
				GCC_NO_COMMON_BLOCKS = YES;
				GCC_WARN_64_TO_32_BIT_CONVERSION = YES;
				GCC_WARN_ABOUT_RETURN_TYPE = YES_ERROR;
				GCC_WARN_UNDECLARED_SELECTOR = YES;
				GCC_WARN_UNINITIALIZED_AUTOS = YES_AGGRESSIVE;
				GCC_WARN_UNUSED_FUNCTION = YES;
				GCC_WARN_UNUSED_VARIABLE = YES;
				IPHONEOS_DEPLOYMENT_TARGET = 13.1;
				MTL_ENABLE_DEBUG_INFO = NO;
				MTL_FAST_MATH = YES;
				SDKROOT = iphoneos;
				SWIFT_COMPILATION_MODE = wholemodule;
				SWIFT_OPTIMIZATION_LEVEL = "-O";
				VALIDATE_PRODUCT = YES;
			};
			name = Release;
		};
		D62220DF242C980000B46092 /* Debug */ = {
			isa = XCBuildConfiguration;
			buildSettings = {
				ASSETCATALOG_COMPILER_APPICON_NAME = AppIcon;
				CODE_SIGN_STYLE = Automatic;
				DEVELOPMENT_TEAM = KFFGWW94BP;
				INFOPLIST_FILE = imageRecognization/Info.plist;
				LD_RUNPATH_SEARCH_PATHS = (
					"$(inherited)",
					"@executable_path/Frameworks",
				);
				PRODUCT_BUNDLE_IDENTIFIER = das.sambit.imageRecognization;
				PRODUCT_NAME = "$(TARGET_NAME)";
				SWIFT_VERSION = 5.0;
				TARGETED_DEVICE_FAMILY = "1,2";
			};
			name = Debug;
		};
		D62220E0242C980000B46092 /* Release */ = {
			isa = XCBuildConfiguration;
			buildSettings = {
				ASSETCATALOG_COMPILER_APPICON_NAME = AppIcon;
				CODE_SIGN_STYLE = Automatic;
				DEVELOPMENT_TEAM = KFFGWW94BP;
				INFOPLIST_FILE = imageRecognization/Info.plist;
				LD_RUNPATH_SEARCH_PATHS = (
					"$(inherited)",
					"@executable_path/Frameworks",
				);
				PRODUCT_BUNDLE_IDENTIFIER = das.sambit.imageRecognization;
				PRODUCT_NAME = "$(TARGET_NAME)";
				SWIFT_VERSION = 5.0;
				TARGETED_DEVICE_FAMILY = "1,2";
			};
			name = Release;
		};
/* End XCBuildConfiguration section */

/* Begin XCConfigurationList section */
		D62220C5242C97F800B46092 /* Build configuration list for PBXProject "imageRecognization" */ = {
			isa = XCConfigurationList;
			buildConfigurations = (
				D62220DC242C980000B46092 /* Debug */,
				D62220DD242C980000B46092 /* Release */,
			);
			defaultConfigurationIsVisible = 0;
			defaultConfigurationName = Release;
		};
		D62220DE242C980000B46092 /* Build configuration list for PBXNativeTarget "imageRecognization" */ = {
			isa = XCConfigurationList;
			buildConfigurations = (
				D62220DF242C980000B46092 /* Debug */,
				D62220E0242C980000B46092 /* Release */,
			);
			defaultConfigurationIsVisible = 0;
			defaultConfigurationName = Release;
		};
/* End XCConfigurationList section */
	};
	rootObject = D62220C2242C97F800B46092 /* Project object */;
}
